
Microsoft Visual Studio Solution File, Format Version 12.00
# Visual Studio 14
VisualStudioVersion = 14.0.25420.1
MinimumVisualStudioVersion = 10.0.40219.1
Project("{FAE04EC0-301F-11D3-BF4B-00C04F79EFBC}") = "C18 Ex01 Gregory 317612950 Mariya 321373136", "C18 Ex01 Gregory 317612950 Mariya 321373136\C18 Ex01 Gregory 317612950 Mariya 321373136.csproj", "{43F34377-17CE-4B32-93A0-B32F0BD8F62C}"
EndProject
Global
	GlobalSection(SolutionConfigurationPlatforms) = preSolution
		Debug|Any CPU = Debug|Any CPU
		Release|Any CPU = Release|Any CPU
	EndGlobalSection
	GlobalSection(ProjectConfigurationPlatforms) = postSolution
		{43F34377-17CE-4B32-93A0-B32F0BD8F62C}.Debug|Any CPU.ActiveCfg = Debug|Any CPU
		{43F34377-17CE-4B32-93A0-B32F0BD8F62C}.Debug|Any CPU.Build.0 = Debug|Any CPU
		{43F34377-17CE-4B32-93A0-B32F0BD8F62C}.Release|Any CPU.ActiveCfg = Release|Any CPU
		{43F34377-17CE-4B32-93A0-B32F0BD8F62C}.Release|Any CPU.Build.0 = Release|Any CPU
	EndGlobalSection
	GlobalSection(SolutionProperties) = preSolution
		HideSolutionNode = FALSE
	EndGlobalSection
EndGlobal
